
Microsoft Visual Studio Solution File, Format Version 12.00
# Visual Studio Version 17
VisualStudioVersion = 17.9.34616.47
MinimumVisualStudioVersion = 10.0.40219.1
Project("{FAE04EC0-301F-11D3-BF4B-00C04F79EFBC}") = "ex_5", "ex_5.csproj", "{3152BAA9-9E76-4271-9114-562E2E8EE4FF}"
EndProject
Global
	GlobalSection(SolutionConfigurationPlatforms) = preSolution
		Debug|Any CPU = Debug|Any CPU
		Release|Any CPU = Release|Any CPU
	EndGlobalSection
	GlobalSection(ProjectConfigurationPlatforms) = postSolution
		{3152BAA9-9E76-4271-9114-562E2E8EE4FF}.Debug|Any CPU.ActiveCfg = Debug|Any CPU
		{3152BAA9-9E76-4271-9114-562E2E8EE4FF}.Debug|Any CPU.Build.0 = Debug|Any CPU
		{3152BAA9-9E76-4271-9114-562E2E8EE4FF}.Release|Any CPU.ActiveCfg = Release|Any CPU
		{3152BAA9-9E76-4271-9114-562E2E8EE4FF}.Release|Any CPU.Build.0 = Release|Any CPU
	EndGlobalSection
	GlobalSection(SolutionProperties) = preSolution
		HideSolutionNode = FALSE
	EndGlobalSection
	GlobalSection(ExtensibilityGlobals) = postSolution
		SolutionGuid = {CBEFAA47-BFB7-45D2-A39C-968E5CBB7A73}
	EndGlobalSection
EndGlobal
