
Microsoft Visual Studio Solution File, Format Version 12.00
# Visual Studio Version 17
VisualStudioVersion = 17.10.35004.147
MinimumVisualStudioVersion = 10.0.40219.1
Project("{FAE04EC0-301F-11D3-BF4B-00C04F79EFBC}") = "ex_18", "ex_18.csproj", "{F18BE291-C994-42AE-A577-59B1A0F291FD}"
EndProject
Global
	GlobalSection(SolutionConfigurationPlatforms) = preSolution
		Debug|Any CPU = Debug|Any CPU
		Release|Any CPU = Release|Any CPU
	EndGlobalSection
	GlobalSection(ProjectConfigurationPlatforms) = postSolution
		{F18BE291-C994-42AE-A577-59B1A0F291FD}.Debug|Any CPU.ActiveCfg = Debug|Any CPU
		{F18BE291-C994-42AE-A577-59B1A0F291FD}.Debug|Any CPU.Build.0 = Debug|Any CPU
		{F18BE291-C994-42AE-A577-59B1A0F291FD}.Release|Any CPU.ActiveCfg = Release|Any CPU
		{F18BE291-C994-42AE-A577-59B1A0F291FD}.Release|Any CPU.Build.0 = Release|Any CPU
	EndGlobalSection
	GlobalSection(SolutionProperties) = preSolution
		HideSolutionNode = FALSE
	EndGlobalSection
	GlobalSection(ExtensibilityGlobals) = postSolution
		SolutionGuid = {25263636-E728-4B0A-B98A-5ACFED6A07EC}
	EndGlobalSection
EndGlobal
