
Microsoft Visual Studio Solution File, Format Version 12.00
# Visual Studio Version 17
VisualStudioVersion = 17.9.34616.47
MinimumVisualStudioVersion = 10.0.40219.1
Project("{FAE04EC0-301F-11D3-BF4B-00C04F79EFBC}") = "ex_4", "ex_4.csproj", "{64F4198F-86F1-4753-B934-1523E3F1F48C}"
EndProject
Global
	GlobalSection(SolutionConfigurationPlatforms) = preSolution
		Debug|Any CPU = Debug|Any CPU
		Release|Any CPU = Release|Any CPU
	EndGlobalSection
	GlobalSection(ProjectConfigurationPlatforms) = postSolution
		{64F4198F-86F1-4753-B934-1523E3F1F48C}.Debug|Any CPU.ActiveCfg = Debug|Any CPU
		{64F4198F-86F1-4753-B934-1523E3F1F48C}.Debug|Any CPU.Build.0 = Debug|Any CPU
		{64F4198F-86F1-4753-B934-1523E3F1F48C}.Release|Any CPU.ActiveCfg = Release|Any CPU
		{64F4198F-86F1-4753-B934-1523E3F1F48C}.Release|Any CPU.Build.0 = Release|Any CPU
	EndGlobalSection
	GlobalSection(SolutionProperties) = preSolution
		HideSolutionNode = FALSE
	EndGlobalSection
	GlobalSection(ExtensibilityGlobals) = postSolution
		SolutionGuid = {308A3110-8A64-4BE7-87A8-72EEFF7E0FCB}
	EndGlobalSection
EndGlobal
