
Microsoft Visual Studio Solution File, Format Version 12.00
# Visual Studio Version 17
VisualStudioVersion = 17.9.34616.47
MinimumVisualStudioVersion = 10.0.40219.1
Project("{FAE04EC0-301F-11D3-BF4B-00C04F79EFBC}") = "ex_7", "ex_7.csproj", "{DE348817-04C0-40B4-832E-F7D444F09E43}"
EndProject
Global
	GlobalSection(SolutionConfigurationPlatforms) = preSolution
		Debug|Any CPU = Debug|Any CPU
		Release|Any CPU = Release|Any CPU
	EndGlobalSection
	GlobalSection(ProjectConfigurationPlatforms) = postSolution
		{DE348817-04C0-40B4-832E-F7D444F09E43}.Debug|Any CPU.ActiveCfg = Debug|Any CPU
		{DE348817-04C0-40B4-832E-F7D444F09E43}.Debug|Any CPU.Build.0 = Debug|Any CPU
		{DE348817-04C0-40B4-832E-F7D444F09E43}.Release|Any CPU.ActiveCfg = Release|Any CPU
		{DE348817-04C0-40B4-832E-F7D444F09E43}.Release|Any CPU.Build.0 = Release|Any CPU
	EndGlobalSection
	GlobalSection(SolutionProperties) = preSolution
		HideSolutionNode = FALSE
	EndGlobalSection
	GlobalSection(ExtensibilityGlobals) = postSolution
		SolutionGuid = {B1EA3A03-4677-475B-BFD7-ED440B0AC1BF}
	EndGlobalSection
EndGlobal
