
Microsoft Visual Studio Solution File, Format Version 12.00
# Visual Studio Version 17
VisualStudioVersion = 17.10.35004.147
MinimumVisualStudioVersion = 10.0.40219.1
Project("{FAE04EC0-301F-11D3-BF4B-00C04F79EFBC}") = "ex_5", "ex_5.csproj", "{EFFEAD86-848A-43BA-BB20-AD3C5BF69842}"
EndProject
Global
	GlobalSection(SolutionConfigurationPlatforms) = preSolution
		Debug|Any CPU = Debug|Any CPU
		Release|Any CPU = Release|Any CPU
	EndGlobalSection
	GlobalSection(ProjectConfigurationPlatforms) = postSolution
		{EFFEAD86-848A-43BA-BB20-AD3C5BF69842}.Debug|Any CPU.ActiveCfg = Debug|Any CPU
		{EFFEAD86-848A-43BA-BB20-AD3C5BF69842}.Debug|Any CPU.Build.0 = Debug|Any CPU
		{EFFEAD86-848A-43BA-BB20-AD3C5BF69842}.Release|Any CPU.ActiveCfg = Release|Any CPU
		{EFFEAD86-848A-43BA-BB20-AD3C5BF69842}.Release|Any CPU.Build.0 = Release|Any CPU
	EndGlobalSection
	GlobalSection(SolutionProperties) = preSolution
		HideSolutionNode = FALSE
	EndGlobalSection
	GlobalSection(ExtensibilityGlobals) = postSolution
		SolutionGuid = {C781E259-A4D2-4A5F-A1FB-75E2E439DC44}
	EndGlobalSection
EndGlobal
