
Microsoft Visual Studio Solution File, Format Version 12.00
# Visual Studio Version 17
VisualStudioVersion = 17.9.34616.47
MinimumVisualStudioVersion = 10.0.40219.1
Project("{FAE04EC0-301F-11D3-BF4B-00C04F79EFBC}") = "ex_5", "ex_5.csproj", "{CAC18807-8E58-47D4-9E92-E4D780C09383}"
EndProject
Global
	GlobalSection(SolutionConfigurationPlatforms) = preSolution
		Debug|Any CPU = Debug|Any CPU
		Release|Any CPU = Release|Any CPU
	EndGlobalSection
	GlobalSection(ProjectConfigurationPlatforms) = postSolution
		{CAC18807-8E58-47D4-9E92-E4D780C09383}.Debug|Any CPU.ActiveCfg = Debug|Any CPU
		{CAC18807-8E58-47D4-9E92-E4D780C09383}.Debug|Any CPU.Build.0 = Debug|Any CPU
		{CAC18807-8E58-47D4-9E92-E4D780C09383}.Release|Any CPU.ActiveCfg = Release|Any CPU
		{CAC18807-8E58-47D4-9E92-E4D780C09383}.Release|Any CPU.Build.0 = Release|Any CPU
	EndGlobalSection
	GlobalSection(SolutionProperties) = preSolution
		HideSolutionNode = FALSE
	EndGlobalSection
	GlobalSection(ExtensibilityGlobals) = postSolution
		SolutionGuid = {1942DFFF-D85C-4A1D-B7F0-61D970B00F98}
	EndGlobalSection
EndGlobal
