
Microsoft Visual Studio Solution File, Format Version 12.00
# Visual Studio Version 17
VisualStudioVersion = 17.10.35004.147
MinimumVisualStudioVersion = 10.0.40219.1
Project("{FAE04EC0-301F-11D3-BF4B-00C04F79EFBC}") = "ex_13", "ex_13.csproj", "{FCD4A769-78D4-48BF-8E79-14051BF227EE}"
EndProject
Global
	GlobalSection(SolutionConfigurationPlatforms) = preSolution
		Debug|Any CPU = Debug|Any CPU
		Release|Any CPU = Release|Any CPU
	EndGlobalSection
	GlobalSection(ProjectConfigurationPlatforms) = postSolution
		{FCD4A769-78D4-48BF-8E79-14051BF227EE}.Debug|Any CPU.ActiveCfg = Debug|Any CPU
		{FCD4A769-78D4-48BF-8E79-14051BF227EE}.Debug|Any CPU.Build.0 = Debug|Any CPU
		{FCD4A769-78D4-48BF-8E79-14051BF227EE}.Release|Any CPU.ActiveCfg = Release|Any CPU
		{FCD4A769-78D4-48BF-8E79-14051BF227EE}.Release|Any CPU.Build.0 = Release|Any CPU
	EndGlobalSection
	GlobalSection(SolutionProperties) = preSolution
		HideSolutionNode = FALSE
	EndGlobalSection
	GlobalSection(ExtensibilityGlobals) = postSolution
		SolutionGuid = {DF488406-C0B2-4E07-B2EB-F2E19CC489A7}
	EndGlobalSection
EndGlobal
