
Microsoft Visual Studio Solution File, Format Version 12.00
# Visual Studio Version 17
VisualStudioVersion = 17.10.35004.147
MinimumVisualStudioVersion = 10.0.40219.1
Project("{FAE04EC0-301F-11D3-BF4B-00C04F79EFBC}") = "ex_6", "ex_6.csproj", "{B117B025-0D95-429F-847E-79A5236AFEF9}"
EndProject
Global
	GlobalSection(SolutionConfigurationPlatforms) = preSolution
		Debug|Any CPU = Debug|Any CPU
		Release|Any CPU = Release|Any CPU
	EndGlobalSection
	GlobalSection(ProjectConfigurationPlatforms) = postSolution
		{B117B025-0D95-429F-847E-79A5236AFEF9}.Debug|Any CPU.ActiveCfg = Debug|Any CPU
		{B117B025-0D95-429F-847E-79A5236AFEF9}.Debug|Any CPU.Build.0 = Debug|Any CPU
		{B117B025-0D95-429F-847E-79A5236AFEF9}.Release|Any CPU.ActiveCfg = Release|Any CPU
		{B117B025-0D95-429F-847E-79A5236AFEF9}.Release|Any CPU.Build.0 = Release|Any CPU
	EndGlobalSection
	GlobalSection(SolutionProperties) = preSolution
		HideSolutionNode = FALSE
	EndGlobalSection
	GlobalSection(ExtensibilityGlobals) = postSolution
		SolutionGuid = {F29F5457-1A46-468A-AC3C-52AA6FEF7089}
	EndGlobalSection
EndGlobal
