
Microsoft Visual Studio Solution File, Format Version 12.00
# Visual Studio Version 17
VisualStudioVersion = 17.9.34616.47
MinimumVisualStudioVersion = 10.0.40219.1
Project("{FAE04EC0-301F-11D3-BF4B-00C04F79EFBC}") = "ex_3", "ex_3.csproj", "{4FE2051D-2AD5-450B-9C86-24BAA1244701}"
EndProject
Global
	GlobalSection(SolutionConfigurationPlatforms) = preSolution
		Debug|Any CPU = Debug|Any CPU
		Release|Any CPU = Release|Any CPU
	EndGlobalSection
	GlobalSection(ProjectConfigurationPlatforms) = postSolution
		{4FE2051D-2AD5-450B-9C86-24BAA1244701}.Debug|Any CPU.ActiveCfg = Debug|Any CPU
		{4FE2051D-2AD5-450B-9C86-24BAA1244701}.Debug|Any CPU.Build.0 = Debug|Any CPU
		{4FE2051D-2AD5-450B-9C86-24BAA1244701}.Release|Any CPU.ActiveCfg = Release|Any CPU
		{4FE2051D-2AD5-450B-9C86-24BAA1244701}.Release|Any CPU.Build.0 = Release|Any CPU
	EndGlobalSection
	GlobalSection(SolutionProperties) = preSolution
		HideSolutionNode = FALSE
	EndGlobalSection
	GlobalSection(ExtensibilityGlobals) = postSolution
		SolutionGuid = {12108619-1EA4-4929-A8C5-43D66C0FACC3}
	EndGlobalSection
EndGlobal
