
Microsoft Visual Studio Solution File, Format Version 12.00
# Visual Studio Version 17
VisualStudioVersion = 17.9.34616.47
MinimumVisualStudioVersion = 10.0.40219.1
Project("{FAE04EC0-301F-11D3-BF4B-00C04F79EFBC}") = "ex_10", "ex_10.csproj", "{BC8B2FD8-D5C0-47CA-A2A4-D5DF804CF4CD}"
EndProject
Global
	GlobalSection(SolutionConfigurationPlatforms) = preSolution
		Debug|Any CPU = Debug|Any CPU
		Release|Any CPU = Release|Any CPU
	EndGlobalSection
	GlobalSection(ProjectConfigurationPlatforms) = postSolution
		{BC8B2FD8-D5C0-47CA-A2A4-D5DF804CF4CD}.Debug|Any CPU.ActiveCfg = Debug|Any CPU
		{BC8B2FD8-D5C0-47CA-A2A4-D5DF804CF4CD}.Debug|Any CPU.Build.0 = Debug|Any CPU
		{BC8B2FD8-D5C0-47CA-A2A4-D5DF804CF4CD}.Release|Any CPU.ActiveCfg = Release|Any CPU
		{BC8B2FD8-D5C0-47CA-A2A4-D5DF804CF4CD}.Release|Any CPU.Build.0 = Release|Any CPU
	EndGlobalSection
	GlobalSection(SolutionProperties) = preSolution
		HideSolutionNode = FALSE
	EndGlobalSection
	GlobalSection(ExtensibilityGlobals) = postSolution
		SolutionGuid = {110DB897-4E22-48BB-97EF-AC71A178DE45}
	EndGlobalSection
EndGlobal
