
Microsoft Visual Studio Solution File, Format Version 12.00
# Visual Studio Version 17
VisualStudioVersion = 17.10.35004.147
MinimumVisualStudioVersion = 10.0.40219.1
Project("{FAE04EC0-301F-11D3-BF4B-00C04F79EFBC}") = "ex_10", "ex_10.csproj", "{9AC31765-32AC-4E4B-83DE-614969D40DEB}"
EndProject
Global
	GlobalSection(SolutionConfigurationPlatforms) = preSolution
		Debug|Any CPU = Debug|Any CPU
		Release|Any CPU = Release|Any CPU
	EndGlobalSection
	GlobalSection(ProjectConfigurationPlatforms) = postSolution
		{9AC31765-32AC-4E4B-83DE-614969D40DEB}.Debug|Any CPU.ActiveCfg = Debug|Any CPU
		{9AC31765-32AC-4E4B-83DE-614969D40DEB}.Debug|Any CPU.Build.0 = Debug|Any CPU
		{9AC31765-32AC-4E4B-83DE-614969D40DEB}.Release|Any CPU.ActiveCfg = Release|Any CPU
		{9AC31765-32AC-4E4B-83DE-614969D40DEB}.Release|Any CPU.Build.0 = Release|Any CPU
	EndGlobalSection
	GlobalSection(SolutionProperties) = preSolution
		HideSolutionNode = FALSE
	EndGlobalSection
	GlobalSection(ExtensibilityGlobals) = postSolution
		SolutionGuid = {4A0E0689-C93C-4578-A3BC-F19674A6D1EB}
	EndGlobalSection
EndGlobal
