
Microsoft Visual Studio Solution File, Format Version 12.00
# Visual Studio Version 17
VisualStudioVersion = 17.9.34616.47
MinimumVisualStudioVersion = 10.0.40219.1
Project("{FAE04EC0-301F-11D3-BF4B-00C04F79EFBC}") = "ex_6", "ex_6.csproj", "{1FD94830-09CD-4074-9424-A6154397CFE4}"
EndProject
Global
	GlobalSection(SolutionConfigurationPlatforms) = preSolution
		Debug|Any CPU = Debug|Any CPU
		Release|Any CPU = Release|Any CPU
	EndGlobalSection
	GlobalSection(ProjectConfigurationPlatforms) = postSolution
		{1FD94830-09CD-4074-9424-A6154397CFE4}.Debug|Any CPU.ActiveCfg = Debug|Any CPU
		{1FD94830-09CD-4074-9424-A6154397CFE4}.Debug|Any CPU.Build.0 = Debug|Any CPU
		{1FD94830-09CD-4074-9424-A6154397CFE4}.Release|Any CPU.ActiveCfg = Release|Any CPU
		{1FD94830-09CD-4074-9424-A6154397CFE4}.Release|Any CPU.Build.0 = Release|Any CPU
	EndGlobalSection
	GlobalSection(SolutionProperties) = preSolution
		HideSolutionNode = FALSE
	EndGlobalSection
	GlobalSection(ExtensibilityGlobals) = postSolution
		SolutionGuid = {AB1D5116-F1F8-4EB4-9BF3-9DC964154451}
	EndGlobalSection
EndGlobal
