
Microsoft Visual Studio Solution File, Format Version 12.00
# Visual Studio Version 17
VisualStudioVersion = 17.10.35004.147
MinimumVisualStudioVersion = 10.0.40219.1
Project("{FAE04EC0-301F-11D3-BF4B-00C04F79EFBC}") = "ex_21", "ex_21.csproj", "{D1AAC7FD-96BB-4DB8-A4AB-FB3F49700DCD}"
EndProject
Global
	GlobalSection(SolutionConfigurationPlatforms) = preSolution
		Debug|Any CPU = Debug|Any CPU
		Release|Any CPU = Release|Any CPU
	EndGlobalSection
	GlobalSection(ProjectConfigurationPlatforms) = postSolution
		{D1AAC7FD-96BB-4DB8-A4AB-FB3F49700DCD}.Debug|Any CPU.ActiveCfg = Debug|Any CPU
		{D1AAC7FD-96BB-4DB8-A4AB-FB3F49700DCD}.Debug|Any CPU.Build.0 = Debug|Any CPU
		{D1AAC7FD-96BB-4DB8-A4AB-FB3F49700DCD}.Release|Any CPU.ActiveCfg = Release|Any CPU
		{D1AAC7FD-96BB-4DB8-A4AB-FB3F49700DCD}.Release|Any CPU.Build.0 = Release|Any CPU
	EndGlobalSection
	GlobalSection(SolutionProperties) = preSolution
		HideSolutionNode = FALSE
	EndGlobalSection
	GlobalSection(ExtensibilityGlobals) = postSolution
		SolutionGuid = {DAA3B3FF-52A3-43AE-8FBF-A6405C9580C0}
	EndGlobalSection
EndGlobal
