
Microsoft Visual Studio Solution File, Format Version 12.00
# Visual Studio Version 17
VisualStudioVersion = 17.9.34616.47
MinimumVisualStudioVersion = 10.0.40219.1
Project("{FAE04EC0-301F-11D3-BF4B-00C04F79EFBC}") = "ex_1", "ex_1.csproj", "{FBAFF6E8-F4BC-46B5-90F6-5BC1D7281A24}"
EndProject
Global
	GlobalSection(SolutionConfigurationPlatforms) = preSolution
		Debug|Any CPU = Debug|Any CPU
		Release|Any CPU = Release|Any CPU
	EndGlobalSection
	GlobalSection(ProjectConfigurationPlatforms) = postSolution
		{FBAFF6E8-F4BC-46B5-90F6-5BC1D7281A24}.Debug|Any CPU.ActiveCfg = Debug|Any CPU
		{FBAFF6E8-F4BC-46B5-90F6-5BC1D7281A24}.Debug|Any CPU.Build.0 = Debug|Any CPU
		{FBAFF6E8-F4BC-46B5-90F6-5BC1D7281A24}.Release|Any CPU.ActiveCfg = Release|Any CPU
		{FBAFF6E8-F4BC-46B5-90F6-5BC1D7281A24}.Release|Any CPU.Build.0 = Release|Any CPU
	EndGlobalSection
	GlobalSection(SolutionProperties) = preSolution
		HideSolutionNode = FALSE
	EndGlobalSection
	GlobalSection(ExtensibilityGlobals) = postSolution
		SolutionGuid = {70EED059-46F2-4089-ACC5-CF552AC71449}
	EndGlobalSection
EndGlobal
